
Microsoft Visual Studio Solution File, Format Version 12.00
# Visual Studio Version 17
VisualStudioVersion = 17.0.31903.59
MinimumVisualStudioVersion = 10.0.40219.1
Project("{FAE04EC0-301F-11D3-BF4B-00C04F79EFBC}") = "TASK_11_30_MusaMusazada", "TASK_11_30_MusaMusazada\TASK_11_30_MusaMusazada.csproj", "{F445A97B-9BE0-4F1C-8646-21B6038117B8}"
EndProject
Global
	GlobalSection(SolutionConfigurationPlatforms) = preSolution
		Debug|Any CPU = Debug|Any CPU
		Release|Any CPU = Release|Any CPU
	EndGlobalSection
	GlobalSection(ProjectConfigurationPlatforms) = postSolution
		{F445A97B-9BE0-4F1C-8646-21B6038117B8}.Debug|Any CPU.ActiveCfg = Debug|Any CPU
		{F445A97B-9BE0-4F1C-8646-21B6038117B8}.Debug|Any CPU.Build.0 = Debug|Any CPU
		{F445A97B-9BE0-4F1C-8646-21B6038117B8}.Release|Any CPU.ActiveCfg = Release|Any CPU
		{F445A97B-9BE0-4F1C-8646-21B6038117B8}.Release|Any CPU.Build.0 = Release|Any CPU
	EndGlobalSection
	GlobalSection(SolutionProperties) = preSolution
		HideSolutionNode = FALSE
	EndGlobalSection
	GlobalSection(ExtensibilityGlobals) = postSolution
		SolutionGuid = {F1F16B1F-1F21-49D1-AC1E-A18B7EB40B75}
	EndGlobalSection
EndGlobal
